
Microsoft Visual Studio Solution File, Format Version 12.00
# Visual Studio Version 17
VisualStudioVersion = 17.7.34031.279
MinimumVisualStudioVersion = 10.0.40219.1
Project("{FAE04EC0-301F-11D3-BF4B-00C04F79EFBC}") = "RocketFreight", "RocketFreight.csproj", "{FB229A1D-7E6B-4922-B43C-6B5C7A9DA24A}"
EndProject
Global
	GlobalSection(SolutionConfigurationPlatforms) = preSolution
		Debug|Any CPU = Debug|Any CPU
		Release|Any CPU = Release|Any CPU
	EndGlobalSection
	GlobalSection(ProjectConfigurationPlatforms) = postSolution
		{FB229A1D-7E6B-4922-B43C-6B5C7A9DA24A}.Debug|Any CPU.ActiveCfg = Debug|Any CPU
		{FB229A1D-7E6B-4922-B43C-6B5C7A9DA24A}.Debug|Any CPU.Build.0 = Debug|Any CPU
		{FB229A1D-7E6B-4922-B43C-6B5C7A9DA24A}.Release|Any CPU.ActiveCfg = Release|Any CPU
		{FB229A1D-7E6B-4922-B43C-6B5C7A9DA24A}.Release|Any CPU.Build.0 = Release|Any CPU
	EndGlobalSection
	GlobalSection(SolutionProperties) = preSolution
		HideSolutionNode = FALSE
	EndGlobalSection
	GlobalSection(ExtensibilityGlobals) = postSolution
		SolutionGuid = {721971F6-82EA-4F61-8575-0972642E8848}
	EndGlobalSection
EndGlobal
